
Microsoft Visual Studio Solution File, Format Version 12.00
# Visual Studio 15
VisualStudioVersion = 15.0.27703.2035
MinimumVisualStudioVersion = 10.0.40219.1
Project("{FAE04EC0-301F-11D3-BF4B-00C04F79EFBC}") = "MvcEducation", "MvcEducation\MvcEducation.csproj", "{9DF6A7B0-EE4D-4A3D-B1A4-1C99A7DE95BE}"
EndProject
Global
	GlobalSection(SolutionConfigurationPlatforms) = preSolution
		Debug|Any CPU = Debug|Any CPU
		Release|Any CPU = Release|Any CPU
	EndGlobalSection
	GlobalSection(ProjectConfigurationPlatforms) = postSolution
		{9DF6A7B0-EE4D-4A3D-B1A4-1C99A7DE95BE}.Debug|Any CPU.ActiveCfg = Debug|Any CPU
		{9DF6A7B0-EE4D-4A3D-B1A4-1C99A7DE95BE}.Debug|Any CPU.Build.0 = Debug|Any CPU
		{9DF6A7B0-EE4D-4A3D-B1A4-1C99A7DE95BE}.Release|Any CPU.ActiveCfg = Release|Any CPU
		{9DF6A7B0-EE4D-4A3D-B1A4-1C99A7DE95BE}.Release|Any CPU.Build.0 = Release|Any CPU
	EndGlobalSection
	GlobalSection(SolutionProperties) = preSolution
		HideSolutionNode = FALSE
	EndGlobalSection
	GlobalSection(ExtensibilityGlobals) = postSolution
		SolutionGuid = {5AA010BB-A89F-4181-9E9D-E3042EBD6ABD}
	EndGlobalSection
EndGlobal
